// !$*UTF8*$!
{
	archiveVersion = 1;
	classes = {
	};
	objectVersion = 56;
	objects = {

/* Begin PBXBuildFile section */
		0C9B34BD2AEF7D11009C9B6A /* AppDelegate.swift in Sources */ = {isa = PBXBuildFile; fileRef = 0C9B34BC2AEF7D11009C9B6A /* AppDelegate.swift */; };
		0C9B34BF2AEF7D11009C9B6A /* SceneDelegate.swift in Sources */ = {isa = PBXBuildFile; fileRef = 0C9B34BE2AEF7D11009C9B6A /* SceneDelegate.swift */; };
		0C9B34C12AEF7D11009C9B6A /* ViewController.swift in Sources */ = {isa = PBXBuildFile; fileRef = 0C9B34C02AEF7D11009C9B6A /* ViewController.swift */; };
		0C9B34C42AEF7D11009C9B6A /* Main.storyboard in Resources */ = {isa = PBXBuildFile; fileRef = 0C9B34C22AEF7D11009C9B6A /* Main.storyboard */; };
		0C9B34C62AEF7D12009C9B6A /* Assets.xcassets in Resources */ = {isa = PBXBuildFile; fileRef = 0C9B34C52AEF7D12009C9B6A /* Assets.xcassets */; };
		0C9B34C92AEF7D12009C9B6A /* LaunchScreen.storyboard in Resources */ = {isa = PBXBuildFile; fileRef = 0C9B34C72AEF7D12009C9B6A /* LaunchScreen.storyboard */; };
		0C9B34D42AEF7D12009C9B6A /* AppStatesTests.swift in Sources */ = {isa = PBXBuildFile; fileRef = 0C9B34D32AEF7D12009C9B6A /* AppStatesTests.swift */; };
		0C9B34DE2AEF7D12009C9B6A /* AppStatesUITests.swift in Sources */ = {isa = PBXBuildFile; fileRef = 0C9B34DD2AEF7D12009C9B6A /* AppStatesUITests.swift */; };
		0C9B34E02AEF7D12009C9B6A /* AppStatesUITestsLaunchTests.swift in Sources */ = {isa = PBXBuildFile; fileRef = 0C9B34DF2AEF7D12009C9B6A /* AppStatesUITestsLaunchTests.swift */; };
/* End PBXBuildFile section */

/* Begin PBXContainerItemProxy section */
		0C9B34D02AEF7D12009C9B6A /* PBXContainerItemProxy */ = {
			isa = PBXContainerItemProxy;
			containerPortal = 0C9B34B12AEF7D11009C9B6A /* Project object */;
			proxyType = 1;
			remoteGlobalIDString = 0C9B34B82AEF7D11009C9B6A;
			remoteInfo = AppStates;
		};
		0C9B34DA2AEF7D12009C9B6A /* PBXContainerItemProxy */ = {
			isa = PBXContainerItemProxy;
			containerPortal = 0C9B34B12AEF7D11009C9B6A /* Project object */;
			proxyType = 1;
			remoteGlobalIDString = 0C9B34B82AEF7D11009C9B6A;
			remoteInfo = AppStates;
		};
/* End PBXContainerItemProxy section */

/* Begin PBXFileReference section */
		0C9B34B92AEF7D11009C9B6A /* AppStates.app */ = {isa = PBXFileReference; explicitFileType = wrapper.application; includeInIndex = 0; path = AppStates.app; sourceTree = BUILT_PRODUCTS_DIR; };
		0C9B34BC2AEF7D11009C9B6A /* AppDelegate.swift */ = {isa = PBXFileReference; lastKnownFileType = sourcecode.swift; path = AppDelegate.swift; sourceTree = "<group>"; };
		0C9B34BE2AEF7D11009C9B6A /* SceneDelegate.swift */ = {isa = PBXFileReference; lastKnownFileType = sourcecode.swift; path = SceneDelegate.swift; sourceTree = "<group>"; };
		0C9B34C02AEF7D11009C9B6A /* ViewController.swift */ = {isa = PBXFileReference; lastKnownFileType = sourcecode.swift; path = ViewController.swift; sourceTree = "<group>"; };
		0C9B34C32AEF7D11009C9B6A /* Base */ = {isa = PBXFileReference; lastKnownFileType = file.storyboard; name = Base; path = Base.lproj/Main.storyboard; sourceTree = "<group>"; };
		0C9B34C52AEF7D12009C9B6A /* Assets.xcassets */ = {isa = PBXFileReference; lastKnownFileType = folder.assetcatalog; path = Assets.xcassets; sourceTree = "<group>"; };
		0C9B34C82AEF7D12009C9B6A /* Base */ = {isa = PBXFileReference; lastKnownFileType = file.storyboard; name = Base; path = Base.lproj/LaunchScreen.storyboard; sourceTree = "<group>"; };
		0C9B34CA2AEF7D12009C9B6A /* Info.plist */ = {isa = PBXFileReference; lastKnownFileType = text.plist.xml; path = Info.plist; sourceTree = "<group>"; };
		0C9B34CF2AEF7D12009C9B6A /* AppStatesTests.xctest */ = {isa = PBXFileReference; explicitFileType = wrapper.cfbundle; includeInIndex = 0; path = AppStatesTests.xctest; sourceTree = BUILT_PRODUCTS_DIR; };
		0C9B34D32AEF7D12009C9B6A /* AppStatesTests.swift */ = {isa = PBXFileReference; lastKnownFileType = sourcecode.swift; path = AppStatesTests.swift; sourceTree = "<group>"; };
		0C9B34D92AEF7D12009C9B6A /* AppStatesUITests.xctest */ = {isa = PBXFileReference; explicitFileType = wrapper.cfbundle; includeInIndex = 0; path = AppStatesUITests.xctest; sourceTree = BUILT_PRODUCTS_DIR; };
		0C9B34DD2AEF7D12009C9B6A /* AppStatesUITests.swift */ = {isa = PBXFileReference; lastKnownFileType = sourcecode.swift; path = AppStatesUITests.swift; sourceTree = "<group>"; };
		0C9B34DF2AEF7D12009C9B6A /* AppStatesUITestsLaunchTests.swift */ = {isa = PBXFileReference; lastKnownFileType = sourcecode.swift; path = AppStatesUITestsLaunchTests.swift; sourceTree = "<group>"; };
/* End PBXFileReference section */

/* Begin PBXFrameworksBuildPhase section */
		0C9B34B62AEF7D11009C9B6A /* Frameworks */ = {
			isa = PBXFrameworksBuildPhase;
			buildActionMask = 2147483647;
			files = (
			);
			runOnlyForDeploymentPostprocessing = 0;
		};
		0C9B34CC2AEF7D12009C9B6A /* Frameworks */ = {
			isa = PBXFrameworksBuildPhase;
			buildActionMask = 2147483647;
			files = (
			);
			runOnlyForDeploymentPostprocessing = 0;
		};
		0C9B34D62AEF7D12009C9B6A /* Frameworks */ = {
			isa = PBXFrameworksBuildPhase;
			buildActionMask = 2147483647;
			files = (
			);
			runOnlyForDeploymentPostprocessing = 0;
		};
/* End PBXFrameworksBuildPhase section */

/* Begin PBXGroup section */
		0C9B34B02AEF7D11009C9B6A = {
			isa = PBXGroup;
			children = (
				0C9B34BB2AEF7D11009C9B6A /* AppStates */,
				0C9B34D22AEF7D12009C9B6A /* AppStatesTests */,
				0C9B34DC2AEF7D12009C9B6A /* AppStatesUITests */,
				0C9B34BA2AEF7D11009C9B6A /* Products */,
			);
			sourceTree = "<group>";
		};
		0C9B34BA2AEF7D11009C9B6A /* Products */ = {
			isa = PBXGroup;
			children = (
				0C9B34B92AEF7D11009C9B6A /* AppStates.app */,
				0C9B34CF2AEF7D12009C9B6A /* AppStatesTests.xctest */,
				0C9B34D92AEF7D12009C9B6A /* AppStatesUITests.xctest */,
			);
			name = Products;
			sourceTree = "<group>";
		};
		0C9B34BB2AEF7D11009C9B6A /* AppStates */ = {
			isa = PBXGroup;
			children = (
				0C9B34BC2AEF7D11009C9B6A /* AppDelegate.swift */,
				0C9B34BE2AEF7D11009C9B6A /* SceneDelegate.swift */,
				0C9B34C02AEF7D11009C9B6A /* ViewController.swift */,
				0C9B34C22AEF7D11009C9B6A /* Main.storyboard */,
				0C9B34C52AEF7D12009C9B6A /* Assets.xcassets */,
				0C9B34C72AEF7D12009C9B6A /* LaunchScreen.storyboard */,
				0C9B34CA2AEF7D12009C9B6A /* Info.plist */,
			);
			path = AppStates;
			sourceTree = "<group>";
		};
		0C9B34D22AEF7D12009C9B6A /* AppStatesTests */ = {
			isa = PBXGroup;
			children = (
				0C9B34D32AEF7D12009C9B6A /* AppStatesTests.swift */,
			);
			path = AppStatesTests;
			sourceTree = "<group>";
		};
		0C9B34DC2AEF7D12009C9B6A /* AppStatesUITests */ = {
			isa = PBXGroup;
			children = (
				0C9B34DD2AEF7D12009C9B6A /* AppStatesUITests.swift */,
				0C9B34DF2AEF7D12009C9B6A /* AppStatesUITestsLaunchTests.swift */,
			);
			path = AppStatesUITests;
			sourceTree = "<group>";
		};
/* End PBXGroup section */

/* Begin PBXNativeTarget section */
		0C9B34B82AEF7D11009C9B6A /* AppStates */ = {
			isa = PBXNativeTarget;
			buildConfigurationList = 0C9B34E32AEF7D12009C9B6A /* Build configuration list for PBXNativeTarget "AppStates" */;
			buildPhases = (
				0C9B34B52AEF7D11009C9B6A /* Sources */,
				0C9B34B62AEF7D11009C9B6A /* Frameworks */,
				0C9B34B72AEF7D11009C9B6A /* Resources */,
			);
			buildRules = (
			);
			dependencies = (
			);
			name = AppStates;
			productName = AppStates;
			productReference = 0C9B34B92AEF7D11009C9B6A /* AppStates.app */;
			productType = "com.apple.product-type.application";
		};
		0C9B34CE2AEF7D12009C9B6A /* AppStatesTests */ = {
			isa = PBXNativeTarget;
			buildConfigurationList = 0C9B34E62AEF7D12009C9B6A /* Build configuration list for PBXNativeTarget "AppStatesTests" */;
			buildPhases = (
				0C9B34CB2AEF7D12009C9B6A /* Sources */,
				0C9B34CC2AEF7D12009C9B6A /* Frameworks */,
				0C9B34CD2AEF7D12009C9B6A /* Resources */,
			);
			buildRules = (
			);
			dependencies = (
				0C9B34D12AEF7D12009C9B6A /* PBXTargetDependency */,
			);
			name = AppStatesTests;
			productName = AppStatesTests;
			productReference = 0C9B34CF2AEF7D12009C9B6A /* AppStatesTests.xctest */;
			productType = "com.apple.product-type.bundle.unit-test";
		};
		0C9B34D82AEF7D12009C9B6A /* AppStatesUITests */ = {
			isa = PBXNativeTarget;
			buildConfigurationList = 0C9B34E92AEF7D12009C9B6A /* Build configuration list for PBXNativeTarget "AppStatesUITests" */;
			buildPhases = (
				0C9B34D52AEF7D12009C9B6A /* Sources */,
				0C9B34D62AEF7D12009C9B6A /* Frameworks */,
				0C9B34D72AEF7D12009C9B6A /* Resources */,
			);
			buildRules = (
			);
			dependencies = (
				0C9B34DB2AEF7D12009C9B6A /* PBXTargetDependency */,
			);
			name = AppStatesUITests;
			productName = AppStatesUITests;
			productReference = 0C9B34D92AEF7D12009C9B6A /* AppStatesUITests.xctest */;
			productType = "com.apple.product-type.bundle.ui-testing";
		};
/* End PBXNativeTarget section */

/* Begin PBXProject section */
		0C9B34B12AEF7D11009C9B6A /* Project object */ = {
			isa = PBXProject;
			attributes = {
				BuildIndependentTargetsInParallel = 1;
				LastSwiftUpdateCheck = 1500;
				LastUpgradeCheck = 1500;
				TargetAttributes = {
					0C9B34B82AEF7D11009C9B6A = {
						CreatedOnToolsVersion = 15.0.1;
					};
					0C9B34CE2AEF7D12009C9B6A = {
						CreatedOnToolsVersion = 15.0.1;
						TestTargetID = 0C9B34B82AEF7D11009C9B6A;
					};
					0C9B34D82AEF7D12009C9B6A = {
						CreatedOnToolsVersion = 15.0.1;
						TestTargetID = 0C9B34B82AEF7D11009C9B6A;
					};
				};
			};
			buildConfigurationList = 0C9B34B42AEF7D11009C9B6A /* Build configuration list for PBXProject "AppStates" */;
			compatibilityVersion = "Xcode 14.0";
			developmentRegion = en;
			hasScannedForEncodings = 0;
			knownRegions = (
				en,
				Base,
			);
			mainGroup = 0C9B34B02AEF7D11009C9B6A;
			productRefGroup = 0C9B34BA2AEF7D11009C9B6A /* Products */;
			projectDirPath = "";
			projectRoot = "";
			targets = (
				0C9B34B82AEF7D11009C9B6A /* AppStates */,
				0C9B34CE2AEF7D12009C9B6A /* AppStatesTests */,
				0C9B34D82AEF7D12009C9B6A /* AppStatesUITests */,
			);
		};
/* End PBXProject section */

/* Begin PBXResourcesBuildPhase section */
		0C9B34B72AEF7D11009C9B6A /* Resources */ = {
			isa = PBXResourcesBuildPhase;
			buildActionMask = 2147483647;
			files = (
				0C9B34C92AEF7D12009C9B6A /* LaunchScreen.storyboard in Resources */,
				0C9B34C62AEF7D12009C9B6A /* Assets.xcassets in Resources */,
				0C9B34C42AEF7D11009C9B6A /* Main.storyboard in Resources */,
			);
			runOnlyForDeploymentPostprocessing = 0;
		};
		0C9B34CD2AEF7D12009C9B6A /* Resources */ = {
			isa = PBXResourcesBuildPhase;
			buildActionMask = 2147483647;
			files = (
			);
			runOnlyForDeploymentPostprocessing = 0;
		};
		0C9B34D72AEF7D12009C9B6A /* Resources */ = {
			isa = PBXResourcesBuildPhase;
			buildActionMask = 2147483647;
			files = (
			);
			runOnlyForDeploymentPostprocessing = 0;
		};
/* End PBXResourcesBuildPhase section */

/* Begin PBXSourcesBuildPhase section */
		0C9B34B52AEF7D11009C9B6A /* Sources */ = {
			isa = PBXSourcesBuildPhase;
			buildActionMask = 2147483647;
			files = (
				0C9B34C12AEF7D11009C9B6A /* ViewController.swift in Sources */,
				0C9B34BD2AEF7D11009C9B6A /* AppDelegate.swift in Sources */,
				0C9B34BF2AEF7D11009C9B6A /* SceneDelegate.swift in Sources */,
			);
			runOnlyForDeploymentPostprocessing = 0;
		};
		0C9B34CB2AEF7D12009C9B6A /* Sources */ = {
			isa = PBXSourcesBuildPhase;
			buildActionMask = 2147483647;
			files = (
				0C9B34D42AEF7D12009C9B6A /* AppStatesTests.swift in Sources */,
			);
			runOnlyForDeploymentPostprocessing = 0;
		};
		0C9B34D52AEF7D12009C9B6A /* Sources */ = {
			isa = PBXSourcesBuildPhase;
			buildActionMask = 2147483647;
			files = (
				0C9B34E02AEF7D12009C9B6A /* AppStatesUITestsLaunchTests.swift in Sources */,
				0C9B34DE2AEF7D12009C9B6A /* AppStatesUITests.swift in Sources */,
			);
			runOnlyForDeploymentPostprocessing = 0;
		};
/* End PBXSourcesBuildPhase section */

/* Begin PBXTargetDependency section */
		0C9B34D12AEF7D12009C9B6A /* PBXTargetDependency */ = {
			isa = PBXTargetDependency;
			target = 0C9B34B82AEF7D11009C9B6A /* AppStates */;
			targetProxy = 0C9B34D02AEF7D12009C9B6A /* PBXContainerItemProxy */;
		};
		0C9B34DB2AEF7D12009C9B6A /* PBXTargetDependency */ = {
			isa = PBXTargetDependency;
			target = 0C9B34B82AEF7D11009C9B6A /* AppStates */;
			targetProxy = 0C9B34DA2AEF7D12009C9B6A /* PBXContainerItemProxy */;
		};
/* End PBXTargetDependency section */

/* Begin PBXVariantGroup section */
		0C9B34C22AEF7D11009C9B6A /* Main.storyboard */ = {
			isa = PBXVariantGroup;
			children = (
				0C9B34C32AEF7D11009C9B6A /* Base */,
			);
			name = Main.storyboard;
			sourceTree = "<group>";
		};
		0C9B34C72AEF7D12009C9B6A /* LaunchScreen.storyboard */ = {
			isa = PBXVariantGroup;
			children = (
				0C9B34C82AEF7D12009C9B6A /* Base */,
			);
			name = LaunchScreen.storyboard;
			sourceTree = "<group>";
		};
/* End PBXVariantGroup section */

/* Begin XCBuildConfiguration section */
		0C9B34E12AEF7D12009C9B6A /* Debug */ = {
			isa = XCBuildConfiguration;
			buildSettings = {
				ALWAYS_SEARCH_USER_PATHS = NO;
				ASSETCATALOG_COMPILER_GENERATE_SWIFT_ASSET_SYMBOL_EXTENSIONS = YES;
				CLANG_ANALYZER_NONNULL = YES;
				CLANG_ANALYZER_NUMBER_OBJECT_CONVERSION = YES_AGGRESSIVE;
				CLANG_CXX_LANGUAGE_STANDARD = "gnu++20";
				CLANG_ENABLE_MODULES = YES;
				CLANG_ENABLE_OBJC_ARC = YES;
				CLANG_ENABLE_OBJC_WEAK = YES;
				CLANG_WARN_BLOCK_CAPTURE_AUTORELEASING = YES;
				CLANG_WARN_BOOL_CONVERSION = YES;
				CLANG_WARN_COMMA = YES;
				CLANG_WARN_CONSTANT_CONVERSION = YES;
				CLANG_WARN_DEPRECATED_OBJC_IMPLEMENTATIONS = YES;
				CLANG_WARN_DIRECT_OBJC_ISA_USAGE = YES_ERROR;
				CLANG_WARN_DOCUMENTATION_COMMENTS = YES;
				CLANG_WARN_EMPTY_BODY = YES;
				CLANG_WARN_ENUM_CONVERSION = YES;
				CLANG_WARN_INFINITE_RECURSION = YES;
				CLANG_WARN_INT_CONVERSION = YES;
				CLANG_WARN_NON_LITERAL_NULL_CONVERSION = YES;
				CLANG_WARN_OBJC_IMPLICIT_RETAIN_SELF = YES;
				CLANG_WARN_OBJC_LITERAL_CONVERSION = YES;
				CLANG_WARN_OBJC_ROOT_CLASS = YES_ERROR;
				CLANG_WARN_QUOTED_INCLUDE_IN_FRAMEWORK_HEADER = YES;
				CLANG_WARN_RANGE_LOOP_ANALYSIS = YES;
				CLANG_WARN_STRICT_PROTOTYPES = YES;
				CLANG_WARN_SUSPICIOUS_MOVE = YES;
				CLANG_WARN_UNGUARDED_AVAILABILITY = YES_AGGRESSIVE;
				CLANG_WARN_UNREACHABLE_CODE = YES;
				CLANG_WARN__DUPLICATE_METHOD_MATCH = YES;
				COPY_PHASE_STRIP = NO;
				DEBUG_INFORMATION_FORMAT = dwarf;
				ENABLE_STRICT_OBJC_MSGSEND = YES;
				ENABLE_TESTABILITY = YES;
				ENABLE_USER_SCRIPT_SANDBOXING = YES;
				GCC_C_LANGUAGE_STANDARD = gnu17;
				GCC_DYNAMIC_NO_PIC = NO;
				GCC_NO_COMMON_BLOCKS = YES;
				GCC_OPTIMIZATION_LEVEL = 0;
				GCC_PREPROCESSOR_DEFINITIONS = (
					"DEBUG=1",
					"$(inherited)",
				);
				GCC_WARN_64_TO_32_BIT_CONVERSION = YES;
				GCC_WARN_ABOUT_RETURN_TYPE = YES_ERROR;
				GCC_WARN_UNDECLARED_SELECTOR = YES;
				GCC_WARN_UNINITIALIZED_AUTOS = YES_AGGRESSIVE;
				GCC_WARN_UNUSED_FUNCTION = YES;
				GCC_WARN_UNUSED_VARIABLE = YES;
				IPHONEOS_DEPLOYMENT_TARGET = 17.0;
				LOCALIZATION_PREFERS_STRING_CATALOGS = YES;
				MTL_ENABLE_DEBUG_INFO = INCLUDE_SOURCE;
				MTL_FAST_MATH = YES;
				ONLY_ACTIVE_ARCH = YES;
				SDKROOT = iphoneos;
				SWIFT_ACTIVE_COMPILATION_CONDITIONS = "DEBUG $(inherited)";
				SWIFT_OPTIMIZATION_LEVEL = "-Onone";
			};
			name = Debug;
		};
		0C9B34E22AEF7D12009C9B6A /* Release */ = {
			isa = XCBuildConfiguration;
			buildSettings = {
				ALWAYS_SEARCH_USER_PATHS = NO;
				ASSETCATALOG_COMPILER_GENERATE_SWIFT_ASSET_SYMBOL_EXTENSIONS = YES;
				CLANG_ANALYZER_NONNULL = YES;
				CLANG_ANALYZER_NUMBER_OBJECT_CONVERSION = YES_AGGRESSIVE;
				CLANG_CXX_LANGUAGE_STANDARD = "gnu++20";
				CLANG_ENABLE_MODULES = YES;
				CLANG_ENABLE_OBJC_ARC = YES;
				CLANG_ENABLE_OBJC_WEAK = YES;
				CLANG_WARN_BLOCK_CAPTURE_AUTORELEASING = YES;
				CLANG_WARN_BOOL_CONVERSION = YES;
				CLANG_WARN_COMMA = YES;
				CLANG_WARN_CONSTANT_CONVERSION = YES;
				CLANG_WARN_DEPRECATED_OBJC_IMPLEMENTATIONS = YES;
				CLANG_WARN_DIRECT_OBJC_ISA_USAGE = YES_ERROR;
				CLANG_WARN_DOCUMENTATION_COMMENTS = YES;
				CLANG_WARN_EMPTY_BODY = YES;
				CLANG_WARN_ENUM_CONVERSION = YES;
				CLANG_WARN_INFINITE_RECURSION = YES;
				CLANG_WARN_INT_CONVERSION = YES;
				CLANG_WARN_NON_LITERAL_NULL_CONVERSION = YES;
				CLANG_WARN_OBJC_IMPLICIT_RETAIN_SELF = YES;
				CLANG_WARN_OBJC_LITERAL_CONVERSION = YES;
				CLANG_WARN_OBJC_ROOT_CLASS = YES_ERROR;
				CLANG_WARN_QUOTED_INCLUDE_IN_FRAMEWORK_HEADER = YES;
				CLANG_WARN_RANGE_LOOP_ANALYSIS = YES;
				CLANG_WARN_STRICT_PROTOTYPES = YES;
				CLANG_WARN_SUSPICIOUS_MOVE = YES;
				CLANG_WARN_UNGUARDED_AVAILABILITY = YES_AGGRESSIVE;
				CLANG_WARN_UNREACHABLE_CODE = YES;
				CLANG_WARN__DUPLICATE_METHOD_MATCH = YES;
				COPY_PHASE_STRIP = NO;
				DEBUG_INFORMATION_FORMAT = "dwarf-with-dsym";
				ENABLE_NS_ASSERTIONS = NO;
				ENABLE_STRICT_OBJC_MSGSEND = YES;
				ENABLE_USER_SCRIPT_SANDBOXING = YES;
				GCC_C_LANGUAGE_STANDARD = gnu17;
				GCC_NO_COMMON_BLOCKS = YES;
				GCC_WARN_64_TO_32_BIT_CONVERSION = YES;
				GCC_WARN_ABOUT_RETURN_TYPE = YES_ERROR;
				GCC_WARN_UNDECLARED_SELECTOR = YES;
				GCC_WARN_UNINITIALIZED_AUTOS = YES_AGGRESSIVE;
				GCC_WARN_UNUSED_FUNCTION = YES;
				GCC_WARN_UNUSED_VARIABLE = YES;
				IPHONEOS_DEPLOYMENT_TARGET = 17.0;
				LOCALIZATION_PREFERS_STRING_CATALOGS = YES;
				MTL_ENABLE_DEBUG_INFO = NO;
				MTL_FAST_MATH = YES;
				SDKROOT = iphoneos;
				SWIFT_COMPILATION_MODE = wholemodule;
				VALIDATE_PRODUCT = YES;
			};
			name = Release;
		};
		0C9B34E42AEF7D12009C9B6A /* Debug */ = {
			isa = XCBuildConfiguration;
			buildSettings = {
				ASSETCATALOG_COMPILER_APPICON_NAME = AppIcon;
				ASSETCATALOG_COMPILER_GLOBAL_ACCENT_COLOR_NAME = AccentColor;
				CODE_SIGN_STYLE = Automatic;
				CURRENT_PROJECT_VERSION = 1;
				GENERATE_INFOPLIST_FILE = YES;
				INFOPLIST_FILE = AppStates/Info.plist;
				INFOPLIST_KEY_UIApplicationSupportsIndirectInputEvents = YES;
				INFOPLIST_KEY_UILaunchStoryboardName = LaunchScreen;
				INFOPLIST_KEY_UIMainStoryboardFile = Main;
				INFOPLIST_KEY_UISupportedInterfaceOrientations_iPad = "UIInterfaceOrientationPortrait UIInterfaceOrientationPortraitUpsideDown UIInterfaceOrientationLandscapeLeft UIInterfaceOrientationLandscapeRight";
				INFOPLIST_KEY_UISupportedInterfaceOrientations_iPhone = "UIInterfaceOrientationPortrait UIInterfaceOrientationLandscapeLeft UIInterfaceOrientationLandscapeRight";
				LD_RUNPATH_SEARCH_PATHS = (
					"$(inherited)",
					"@executable_path/Frameworks",
				);
				MARKETING_VERSION = 1.0;
				PRODUCT_BUNDLE_IDENTIFIER = net.sportzinteractive.AppStates;
				PRODUCT_NAME = "$(TARGET_NAME)";
				SWIFT_EMIT_LOC_STRINGS = YES;
				SWIFT_VERSION = 5.0;
				TARGETED_DEVICE_FAMILY = "1,2";
			};
			name = Debug;
		};
		0C9B34E52AEF7D12009C9B6A /* Release */ = {
			isa = XCBuildConfiguration;
			buildSettings = {
				ASSETCATALOG_COMPILER_APPICON_NAME = AppIcon;
				ASSETCATALOG_COMPILER_GLOBAL_ACCENT_COLOR_NAME = AccentColor;
				CODE_SIGN_STYLE = Automatic;
				CURRENT_PROJECT_VERSION = 1;
				GENERATE_INFOPLIST_FILE = YES;
				INFOPLIST_FILE = AppStates/Info.plist;
				INFOPLIST_KEY_UIApplicationSupportsIndirectInputEvents = YES;
				INFOPLIST_KEY_UILaunchStoryboardName = LaunchScreen;
				INFOPLIST_KEY_UIMainStoryboardFile = Main;
				INFOPLIST_KEY_UISupportedInterfaceOrientations_iPad = "UIInterfaceOrientationPortrait UIInterfaceOrientationPortraitUpsideDown UIInterfaceOrientationLandscapeLeft UIInterfaceOrientationLandscapeRight";
				INFOPLIST_KEY_UISupportedInterfaceOrientations_iPhone = "UIInterfaceOrientationPortrait UIInterfaceOrientationLandscapeLeft UIInterfaceOrientationLandscapeRight";
				LD_RUNPATH_SEARCH_PATHS = (
					"$(inherited)",
					"@executable_path/Frameworks",
				);
				MARKETING_VERSION = 1.0;
				PRODUCT_BUNDLE_IDENTIFIER = net.sportzinteractive.AppStates;
				PRODUCT_NAME = "$(TARGET_NAME)";
				SWIFT_EMIT_LOC_STRINGS = YES;
				SWIFT_VERSION = 5.0;
				TARGETED_DEVICE_FAMILY = "1,2";
			};
			name = Release;
		};
		0C9B34E72AEF7D12009C9B6A /* Debug */ = {
			isa = XCBuildConfiguration;
			buildSettings = {
				ALWAYS_EMBED_SWIFT_STANDARD_LIBRARIES = YES;
				BUNDLE_LOADER = "$(TEST_HOST)";
				CODE_SIGN_STYLE = Automatic;
				CURRENT_PROJECT_VERSION = 1;
				GENERATE_INFOPLIST_FILE = YES;
				IPHONEOS_DEPLOYMENT_TARGET = 17.0;
				MARKETING_VERSION = 1.0;
				PRODUCT_BUNDLE_IDENTIFIER = net.sportzinteractive.AppStatesTests;
				PRODUCT_NAME = "$(TARGET_NAME)";
				SWIFT_EMIT_LOC_STRINGS = NO;
				SWIFT_VERSION = 5.0;
				TARGETED_DEVICE_FAMILY = "1,2";
				TEST_HOST = "$(BUILT_PRODUCTS_DIR)/AppStates.app/$(BUNDLE_EXECUTABLE_FOLDER_PATH)/AppStates";
			};
			name = Debug;
		};
		0C9B34E82AEF7D12009C9B6A /* Release */ = {
			isa = XCBuildConfiguration;
			buildSettings = {
				ALWAYS_EMBED_SWIFT_STANDARD_LIBRARIES = YES;
				BUNDLE_LOADER = "$(TEST_HOST)";
				CODE_SIGN_STYLE = Automatic;
				CURRENT_PROJECT_VERSION = 1;
				GENERATE_INFOPLIST_FILE = YES;
				IPHONEOS_DEPLOYMENT_TARGET = 17.0;
				MARKETING_VERSION = 1.0;
				PRODUCT_BUNDLE_IDENTIFIER = net.sportzinteractive.AppStatesTests;
				PRODUCT_NAME = "$(TARGET_NAME)";
				SWIFT_EMIT_LOC_STRINGS = NO;
				SWIFT_VERSION = 5.0;
				TARGETED_DEVICE_FAMILY = "1,2";
				TEST_HOST = "$(BUILT_PRODUCTS_DIR)/AppStates.app/$(BUNDLE_EXECUTABLE_FOLDER_PATH)/AppStates";
			};
			name = Release;
		};
		0C9B34EA2AEF7D12009C9B6A /* Debug */ = {
			isa = XCBuildConfiguration;
			buildSettings = {
				ALWAYS_EMBED_SWIFT_STANDARD_LIBRARIES = YES;
				CODE_SIGN_STYLE = Automatic;
				CURRENT_PROJECT_VERSION = 1;
				GENERATE_INFOPLIST_FILE = YES;
				MARKETING_VERSION = 1.0;
				PRODUCT_BUNDLE_IDENTIFIER = net.sportzinteractive.AppStatesUITests;
				PRODUCT_NAME = "$(TARGET_NAME)";
				SWIFT_EMIT_LOC_STRINGS = NO;
				SWIFT_VERSION = 5.0;
				TARGETED_DEVICE_FAMILY = "1,2";
				TEST_TARGET_NAME = AppStates;
			};
			name = Debug;
		};
		0C9B34EB2AEF7D12009C9B6A /* Release */ = {
			isa = XCBuildConfiguration;
			buildSettings = {
				ALWAYS_EMBED_SWIFT_STANDARD_LIBRARIES = YES;
				CODE_SIGN_STYLE = Automatic;
				CURRENT_PROJECT_VERSION = 1;
				GENERATE_INFOPLIST_FILE = YES;
				MARKETING_VERSION = 1.0;
				PRODUCT_BUNDLE_IDENTIFIER = net.sportzinteractive.AppStatesUITests;
				PRODUCT_NAME = "$(TARGET_NAME)";
				SWIFT_EMIT_LOC_STRINGS = NO;
				SWIFT_VERSION = 5.0;
				TARGETED_DEVICE_FAMILY = "1,2";
				TEST_TARGET_NAME = AppStates;
			};
			name = Release;
		};
/* End XCBuildConfiguration section */

/* Begin XCConfigurationList section */
		0C9B34B42AEF7D11009C9B6A /* Build configuration list for PBXProject "AppStates" */ = {
			isa = XCConfigurationList;
			buildConfigurations = (
				0C9B34E12AEF7D12009C9B6A /* Debug */,
				0C9B34E22AEF7D12009C9B6A /* Release */,
			);
			defaultConfigurationIsVisible = 0;
			defaultConfigurationName = Release;
		};
		0C9B34E32AEF7D12009C9B6A /* Build configuration list for PBXNativeTarget "AppStates" */ = {
			isa = XCConfigurationList;
			buildConfigurations = (
				0C9B34E42AEF7D12009C9B6A /* Debug */,
				0C9B34E52AEF7D12009C9B6A /* Release */,
			);
			defaultConfigurationIsVisible = 0;
			defaultConfigurationName = Release;
		};
		0C9B34E62AEF7D12009C9B6A /* Build configuration list for PBXNativeTarget "AppStatesTests" */ = {
			isa = XCConfigurationList;
			buildConfigurations = (
				0C9B34E72AEF7D12009C9B6A /* Debug */,
				0C9B34E82AEF7D12009C9B6A /* Release */,
			);
			defaultConfigurationIsVisible = 0;
			defaultConfigurationName = Release;
		};
		0C9B34E92AEF7D12009C9B6A /* Build configuration list for PBXNativeTarget "AppStatesUITests" */ = {
			isa = XCConfigurationList;
			buildConfigurations = (
				0C9B34EA2AEF7D12009C9B6A /* Debug */,
				0C9B34EB2AEF7D12009C9B6A /* Release */,
			);
			defaultConfigurationIsVisible = 0;
			defaultConfigurationName = Release;
		};
/* End XCConfigurationList section */
	};
	rootObject = 0C9B34B12AEF7D11009C9B6A /* Project object */;
}
